// !$*UTF8*$!
{
	archiveVersion = 1;
	classes = {
	};
	objectVersion = 55;
	objects = {

/* Begin PBXBuildFile section */
		000E864727B7E98700A64095 /* Journaling-LinkedMemo.xcdatamodeld in Sources */ = {isa = PBXBuildFile; fileRef = 000E864527B7E98700A64095 /* Journaling-LinkedMemo.xcdatamodeld */; };
		000E864A27B7EA3400A64095 /* Image+CoreDataClass.swift in Sources */ = {isa = PBXBuildFile; fileRef = 000E864827B7EA3400A64095 /* Image+CoreDataClass.swift */; };
		000E864B27B7EA3400A64095 /* Image+CoreDataProperties.swift in Sources */ = {isa = PBXBuildFile; fileRef = 000E864927B7EA3400A64095 /* Image+CoreDataProperties.swift */; };
		0022476E27AE52A8001C2C05 /* FontAwesomeImageUtil.swift in Sources */ = {isa = PBXBuildFile; fileRef = 0022476D27AE52A8001C2C05 /* FontAwesomeImageUtil.swift */; };
		0026FE9E27A132F00051104B /* Tag+CoreDataClass.swift in Sources */ = {isa = PBXBuildFile; fileRef = 0026FE9A27A132F00051104B /* Tag+CoreDataClass.swift */; };
		0026FE9F27A132F00051104B /* Tag+CoreDataProperties.swift in Sources */ = {isa = PBXBuildFile; fileRef = 0026FE9B27A132F00051104B /* Tag+CoreDataProperties.swift */; };
		0031028D27927D6300609070 /* AppDelegate.swift in Sources */ = {isa = PBXBuildFile; fileRef = 0031028C27927D6300609070 /* AppDelegate.swift */; };
		0031028F27927D6300609070 /* SceneDelegate.swift in Sources */ = {isa = PBXBuildFile; fileRef = 0031028E27927D6300609070 /* SceneDelegate.swift */; };
		0031029127927D6300609070 /* HomeViewController.swift in Sources */ = {isa = PBXBuildFile; fileRef = 0031029027927D6300609070 /* HomeViewController.swift */; };
		0031029427927D6300609070 /* Main.storyboard in Resources */ = {isa = PBXBuildFile; fileRef = 0031029227927D6300609070 /* Main.storyboard */; };
		0031029927927D6700609070 /* Assets.xcassets in Resources */ = {isa = PBXBuildFile; fileRef = 0031029827927D6700609070 /* Assets.xcassets */; };
		0031029C27927D6700609070 /* LaunchScreen.storyboard in Resources */ = {isa = PBXBuildFile; fileRef = 0031029A27927D6700609070 /* LaunchScreen.storyboard */; };
		003102A727927D6700609070 /* my_todo_appTests.swift in Sources */ = {isa = PBXBuildFile; fileRef = 003102A627927D6700609070 /* my_todo_appTests.swift */; };
		003102B127927D6700609070 /* my_todo_appUITests.swift in Sources */ = {isa = PBXBuildFile; fileRef = 003102B027927D6700609070 /* my_todo_appUITests.swift */; };
		003102B327927D6700609070 /* my_todo_appUITestsLaunchTests.swift in Sources */ = {isa = PBXBuildFile; fileRef = 003102B227927D6700609070 /* my_todo_appUITestsLaunchTests.swift */; };
		00409F5427AEAA57000D4C3D /* ImagePickerDelegate.swift in Sources */ = {isa = PBXBuildFile; fileRef = 00409F5327AEAA57000D4C3D /* ImagePickerDelegate.swift */; };
		00421E9E27B6C61700846E52 /* UIImageExtension.swift in Sources */ = {isa = PBXBuildFile; fileRef = 00421E9D27B6C61600846E52 /* UIImageExtension.swift */; };
		0065E6482792F81900CB3AE6 /* MemoModalViewController.swift in Sources */ = {isa = PBXBuildFile; fileRef = 0065E6472792F81900CB3AE6 /* MemoModalViewController.swift */; };
		008D3F5927BFD54E00D832BF /* Memo+CoreDataClass.swift in Sources */ = {isa = PBXBuildFile; fileRef = 008D3F5727BFD54E00D832BF /* Memo+CoreDataClass.swift */; };
		008D3F5A27BFD54E00D832BF /* Memo+CoreDataProperties.swift in Sources */ = {isa = PBXBuildFile; fileRef = 008D3F5827BFD54E00D832BF /* Memo+CoreDataProperties.swift */; };
		009955AF27A2969400B9BC9E /* DataManager.swift in Sources */ = {isa = PBXBuildFile; fileRef = 009955AE27A2969400B9BC9E /* DataManager.swift */; };
		009D5F5327AA73CA00EBB9F7 /* TabBarController.swift in Sources */ = {isa = PBXBuildFile; fileRef = 009D5F5227AA73CA00EBB9F7 /* TabBarController.swift */; };
		009D5F5527AAB4E400EBB9F7 /* HomeNavigationController.swift in Sources */ = {isa = PBXBuildFile; fileRef = 009D5F5427AAB4E400EBB9F7 /* HomeNavigationController.swift */; };
		00B402CD27A42E0600CAE088 /* MemoTableViewCell.swift in Sources */ = {isa = PBXBuildFile; fileRef = 00B402CC27A42E0600CAE088 /* MemoTableViewCell.swift */; };
		07544CC231E1DA5A84FC1BF5 /* Pods_Journaling_LinkedMemo.framework in Frameworks */ = {isa = PBXBuildFile; fileRef = 0AE6192C15823C6BA403E524 /* Pods_Journaling_LinkedMemo.framework */; };
		45DA566F7120A179555BA98C /* Pods_Journaling_LinkedMemo_Journaling_LinkedMemoUITests.framework in Frameworks */ = {isa = PBXBuildFile; fileRef = ECCA46A46DAE46C56C7E6CC0 /* Pods_Journaling_LinkedMemo_Journaling_LinkedMemoUITests.framework */; };
		A3DE8056149DA767B9484672 /* Pods_Journaling_LinkedMemoTests.framework in Frameworks */ = {isa = PBXBuildFile; fileRef = 6AAE1CA79CCEB74D268683FF /* Pods_Journaling_LinkedMemoTests.framework */; };
/* End PBXBuildFile section */

/* Begin PBXContainerItemProxy section */
		003102A327927D6700609070 /* PBXContainerItemProxy */ = {
			isa = PBXContainerItemProxy;
			containerPortal = 0031028127927D6300609070 /* Project object */;
			proxyType = 1;
			remoteGlobalIDString = 0031028827927D6300609070;
			remoteInfo = "my-todo-app";
		};
		003102AD27927D6700609070 /* PBXContainerItemProxy */ = {
			isa = PBXContainerItemProxy;
			containerPortal = 0031028127927D6300609070 /* Project object */;
			proxyType = 1;
			remoteGlobalIDString = 0031028827927D6300609070;
			remoteInfo = "my-todo-app";
		};
/* End PBXContainerItemProxy section */

/* Begin PBXFileReference section */
		000E864627B7E98700A64095 /* my_todo_app.xcdatamodel */ = {isa = PBXFileReference; lastKnownFileType = wrapper.xcdatamodel; path = my_todo_app.xcdatamodel; sourceTree = "<group>"; };
		000E864827B7EA3400A64095 /* Image+CoreDataClass.swift */ = {isa = PBXFileReference; lastKnownFileType = sourcecode.swift; path = "Image+CoreDataClass.swift"; sourceTree = "<group>"; };
		000E864927B7EA3400A64095 /* Image+CoreDataProperties.swift */ = {isa = PBXFileReference; lastKnownFileType = sourcecode.swift; path = "Image+CoreDataProperties.swift"; sourceTree = "<group>"; };
		0022476D27AE52A8001C2C05 /* FontAwesomeImageUtil.swift */ = {isa = PBXFileReference; lastKnownFileType = sourcecode.swift; path = FontAwesomeImageUtil.swift; sourceTree = "<group>"; };
		0026FE9A27A132F00051104B /* Tag+CoreDataClass.swift */ = {isa = PBXFileReference; lastKnownFileType = sourcecode.swift; path = "Tag+CoreDataClass.swift"; sourceTree = "<group>"; };
		0026FE9B27A132F00051104B /* Tag+CoreDataProperties.swift */ = {isa = PBXFileReference; lastKnownFileType = sourcecode.swift; path = "Tag+CoreDataProperties.swift"; sourceTree = "<group>"; };
		0031028927927D6300609070 /* Journaling-LinkedMemo.app */ = {isa = PBXFileReference; explicitFileType = wrapper.application; includeInIndex = 0; path = "Journaling-LinkedMemo.app"; sourceTree = BUILT_PRODUCTS_DIR; };
		0031028C27927D6300609070 /* AppDelegate.swift */ = {isa = PBXFileReference; lastKnownFileType = sourcecode.swift; path = AppDelegate.swift; sourceTree = "<group>"; };
		0031028E27927D6300609070 /* SceneDelegate.swift */ = {isa = PBXFileReference; lastKnownFileType = sourcecode.swift; path = SceneDelegate.swift; sourceTree = "<group>"; };
		0031029027927D6300609070 /* HomeViewController.swift */ = {isa = PBXFileReference; lastKnownFileType = sourcecode.swift; path = HomeViewController.swift; sourceTree = "<group>"; };
		0031029327927D6300609070 /* Base */ = {isa = PBXFileReference; lastKnownFileType = file.storyboard; name = Base; path = Base.lproj/Main.storyboard; sourceTree = "<group>"; };
		0031029827927D6700609070 /* Assets.xcassets */ = {isa = PBXFileReference; lastKnownFileType = folder.assetcatalog; path = Assets.xcassets; sourceTree = "<group>"; };
		0031029B27927D6700609070 /* Base */ = {isa = PBXFileReference; lastKnownFileType = file.storyboard; name = Base; path = Base.lproj/LaunchScreen.storyboard; sourceTree = "<group>"; };
		0031029D27927D6700609070 /* Info.plist */ = {isa = PBXFileReference; lastKnownFileType = text.plist.xml; path = Info.plist; sourceTree = "<group>"; };
		003102A227927D6700609070 /* Journaling-LinkedMemoTests.xctest */ = {isa = PBXFileReference; explicitFileType = wrapper.cfbundle; includeInIndex = 0; path = "Journaling-LinkedMemoTests.xctest"; sourceTree = BUILT_PRODUCTS_DIR; };
		003102A627927D6700609070 /* my_todo_appTests.swift */ = {isa = PBXFileReference; lastKnownFileType = sourcecode.swift; path = my_todo_appTests.swift; sourceTree = "<group>"; };
		003102AC27927D6700609070 /* Journaling-LinkedMemoUITests.xctest */ = {isa = PBXFileReference; explicitFileType = wrapper.cfbundle; includeInIndex = 0; path = "Journaling-LinkedMemoUITests.xctest"; sourceTree = BUILT_PRODUCTS_DIR; };
		003102B027927D6700609070 /* my_todo_appUITests.swift */ = {isa = PBXFileReference; lastKnownFileType = sourcecode.swift; path = my_todo_appUITests.swift; sourceTree = "<group>"; };
		003102B227927D6700609070 /* my_todo_appUITestsLaunchTests.swift */ = {isa = PBXFileReference; lastKnownFileType = sourcecode.swift; path = my_todo_appUITestsLaunchTests.swift; sourceTree = "<group>"; };
		00409F5327AEAA57000D4C3D /* ImagePickerDelegate.swift */ = {isa = PBXFileReference; lastKnownFileType = sourcecode.swift; path = ImagePickerDelegate.swift; sourceTree = "<group>"; };
		00421E9D27B6C61600846E52 /* UIImageExtension.swift */ = {isa = PBXFileReference; lastKnownFileType = sourcecode.swift; path = UIImageExtension.swift; sourceTree = "<group>"; };
		0065E6472792F81900CB3AE6 /* MemoModalViewController.swift */ = {isa = PBXFileReference; lastKnownFileType = sourcecode.swift; path = MemoModalViewController.swift; sourceTree = "<group>"; };
		008D3F5727BFD54E00D832BF /* Memo+CoreDataClass.swift */ = {isa = PBXFileReference; lastKnownFileType = sourcecode.swift; path = "Memo+CoreDataClass.swift"; sourceTree = "<group>"; };
		008D3F5827BFD54E00D832BF /* Memo+CoreDataProperties.swift */ = {isa = PBXFileReference; lastKnownFileType = sourcecode.swift; path = "Memo+CoreDataProperties.swift"; sourceTree = "<group>"; };
		009955AE27A2969400B9BC9E /* DataManager.swift */ = {isa = PBXFileReference; lastKnownFileType = sourcecode.swift; path = DataManager.swift; sourceTree = "<group>"; };
		009D5F5227AA73CA00EBB9F7 /* TabBarController.swift */ = {isa = PBXFileReference; lastKnownFileType = sourcecode.swift; path = TabBarController.swift; sourceTree = "<group>"; };
		009D5F5427AAB4E400EBB9F7 /* HomeNavigationController.swift */ = {isa = PBXFileReference; lastKnownFileType = sourcecode.swift; path = HomeNavigationController.swift; sourceTree = "<group>"; };
		00B402CC27A42E0600CAE088 /* MemoTableViewCell.swift */ = {isa = PBXFileReference; lastKnownFileType = sourcecode.swift; path = MemoTableViewCell.swift; sourceTree = "<group>"; };
		0AE6192C15823C6BA403E524 /* Pods_Journaling_LinkedMemo.framework */ = {isa = PBXFileReference; explicitFileType = wrapper.framework; includeInIndex = 0; path = Pods_Journaling_LinkedMemo.framework; sourceTree = BUILT_PRODUCTS_DIR; };
		394039466564F6536D1EBF19 /* Pods-Journaling-LinkedMemoTests.release.xcconfig */ = {isa = PBXFileReference; includeInIndex = 1; lastKnownFileType = text.xcconfig; name = "Pods-Journaling-LinkedMemoTests.release.xcconfig"; path = "Target Support Files/Pods-Journaling-LinkedMemoTests/Pods-Journaling-LinkedMemoTests.release.xcconfig"; sourceTree = "<group>"; };
		510C90EE6F15912A317725D4 /* Pods-Journaling-LinkedMemo.debug.xcconfig */ = {isa = PBXFileReference; includeInIndex = 1; lastKnownFileType = text.xcconfig; name = "Pods-Journaling-LinkedMemo.debug.xcconfig"; path = "Target Support Files/Pods-Journaling-LinkedMemo/Pods-Journaling-LinkedMemo.debug.xcconfig"; sourceTree = "<group>"; };
		6AAE1CA79CCEB74D268683FF /* Pods_Journaling_LinkedMemoTests.framework */ = {isa = PBXFileReference; explicitFileType = wrapper.framework; includeInIndex = 0; path = Pods_Journaling_LinkedMemoTests.framework; sourceTree = BUILT_PRODUCTS_DIR; };
		72BD06C7A0379CE258E2D8C8 /* Pods-Journaling-LinkedMemo.release.xcconfig */ = {isa = PBXFileReference; includeInIndex = 1; lastKnownFileType = text.xcconfig; name = "Pods-Journaling-LinkedMemo.release.xcconfig"; path = "Target Support Files/Pods-Journaling-LinkedMemo/Pods-Journaling-LinkedMemo.release.xcconfig"; sourceTree = "<group>"; };
		77C02E25D45F632F0AE815EC /* Pods-Journaling-LinkedMemoTests.debug.xcconfig */ = {isa = PBXFileReference; includeInIndex = 1; lastKnownFileType = text.xcconfig; name = "Pods-Journaling-LinkedMemoTests.debug.xcconfig"; path = "Target Support Files/Pods-Journaling-LinkedMemoTests/Pods-Journaling-LinkedMemoTests.debug.xcconfig"; sourceTree = "<group>"; };
		9422C23CA36CBADD13DA8854 /* Pods-Journaling-LinkedMemo-Journaling-LinkedMemoUITests.release.xcconfig */ = {isa = PBXFileReference; includeInIndex = 1; lastKnownFileType = text.xcconfig; name = "Pods-Journaling-LinkedMemo-Journaling-LinkedMemoUITests.release.xcconfig"; path = "Target Support Files/Pods-Journaling-LinkedMemo-Journaling-LinkedMemoUITests/Pods-Journaling-LinkedMemo-Journaling-LinkedMemoUITests.release.xcconfig"; sourceTree = "<group>"; };
		BB929E5A5C441D055AA62A61 /* Pods-Journaling-LinkedMemo-Journaling-LinkedMemoUITests.debug.xcconfig */ = {isa = PBXFileReference; includeInIndex = 1; lastKnownFileType = text.xcconfig; name = "Pods-Journaling-LinkedMemo-Journaling-LinkedMemoUITests.debug.xcconfig"; path = "Target Support Files/Pods-Journaling-LinkedMemo-Journaling-LinkedMemoUITests/Pods-Journaling-LinkedMemo-Journaling-LinkedMemoUITests.debug.xcconfig"; sourceTree = "<group>"; };
		ECCA46A46DAE46C56C7E6CC0 /* Pods_Journaling_LinkedMemo_Journaling_LinkedMemoUITests.framework */ = {isa = PBXFileReference; explicitFileType = wrapper.framework; includeInIndex = 0; path = Pods_Journaling_LinkedMemo_Journaling_LinkedMemoUITests.framework; sourceTree = BUILT_PRODUCTS_DIR; };
/* End PBXFileReference section */

/* Begin PBXFrameworksBuildPhase section */
		0031028627927D6300609070 /* Frameworks */ = {
			isa = PBXFrameworksBuildPhase;
			buildActionMask = 2147483647;
			files = (
				07544CC231E1DA5A84FC1BF5 /* Pods_Journaling_LinkedMemo.framework in Frameworks */,
			);
			runOnlyForDeploymentPostprocessing = 0;
		};
		0031029F27927D6700609070 /* Frameworks */ = {
			isa = PBXFrameworksBuildPhase;
			buildActionMask = 2147483647;
			files = (
				A3DE8056149DA767B9484672 /* Pods_Journaling_LinkedMemoTests.framework in Frameworks */,
			);
			runOnlyForDeploymentPostprocessing = 0;
		};
		003102A927927D6700609070 /* Frameworks */ = {
			isa = PBXFrameworksBuildPhase;
			buildActionMask = 2147483647;
			files = (
				45DA566F7120A179555BA98C /* Pods_Journaling_LinkedMemo_Journaling_LinkedMemoUITests.framework in Frameworks */,
			);
			runOnlyForDeploymentPostprocessing = 0;
		};
/* End PBXFrameworksBuildPhase section */

/* Begin PBXGroup section */
		0022476C27AE528C001C2C05 /* Utils */ = {
			isa = PBXGroup;
			children = (
				0022476D27AE52A8001C2C05 /* FontAwesomeImageUtil.swift */,
				00421E9D27B6C61600846E52 /* UIImageExtension.swift */,
			);
			path = Utils;
			sourceTree = "<group>";
		};
		0031028027927D6300609070 = {
			isa = PBXGroup;
			children = (
				0031028B27927D6300609070 /* Journaling-LinkedMemo */,
				003102A527927D6700609070 /* Journaling-LinkedMemo-appTests */,
				003102AF27927D6700609070 /* Journaling-LinkedMemo-appUITests */,
				0031028A27927D6300609070 /* Products */,
				0628147A3832012AEB026B19 /* Pods */,
				46D13E19DF9A1799C6871538 /* Frameworks */,
			);
			sourceTree = "<group>";
		};
		0031028A27927D6300609070 /* Products */ = {
			isa = PBXGroup;
			children = (
				0031028927927D6300609070 /* Journaling-LinkedMemo.app */,
				003102A227927D6700609070 /* Journaling-LinkedMemoTests.xctest */,
				003102AC27927D6700609070 /* Journaling-LinkedMemoUITests.xctest */,
			);
			name = Products;
			sourceTree = "<group>";
		};
		0031028B27927D6300609070 /* Journaling-LinkedMemo */ = {
			isa = PBXGroup;
			children = (
				00409F5227AEA8BF000D4C3D /* Home */,
				0022476C27AE528C001C2C05 /* Utils */,
				00FAF2A827A16846008A23DD /* Entities */,
				0031028C27927D6300609070 /* AppDelegate.swift */,
				0031028E27927D6300609070 /* SceneDelegate.swift */,
				0031029227927D6300609070 /* Main.storyboard */,
				009D5F5227AA73CA00EBB9F7 /* TabBarController.swift */,
				0031029827927D6700609070 /* Assets.xcassets */,
				0031029A27927D6700609070 /* LaunchScreen.storyboard */,
				0031029D27927D6700609070 /* Info.plist */,
				000E864527B7E98700A64095 /* Journaling-LinkedMemo.xcdatamodeld */,
			);
			path = "Journaling-LinkedMemo";
			sourceTree = "<group>";
		};
		003102A527927D6700609070 /* Journaling-LinkedMemo-appTests */ = {
			isa = PBXGroup;
			children = (
				003102A627927D6700609070 /* my_todo_appTests.swift */,
			);
			path = "Journaling-LinkedMemo-appTests";
			sourceTree = "<group>";
		};
		003102AF27927D6700609070 /* Journaling-LinkedMemo-appUITests */ = {
			isa = PBXGroup;
			children = (
				003102B027927D6700609070 /* my_todo_appUITests.swift */,
				003102B227927D6700609070 /* my_todo_appUITestsLaunchTests.swift */,
			);
			path = "Journaling-LinkedMemo-appUITests";
			sourceTree = "<group>";
		};
		00409F5227AEA8BF000D4C3D /* Home */ = {
			isa = PBXGroup;
			children = (
				0031029027927D6300609070 /* HomeViewController.swift */,
				009D5F5427AAB4E400EBB9F7 /* HomeNavigationController.swift */,
				0065E6472792F81900CB3AE6 /* MemoModalViewController.swift */,
				00B402CC27A42E0600CAE088 /* MemoTableViewCell.swift */,
				00409F5327AEAA57000D4C3D /* ImagePickerDelegate.swift */,
			);
			path = Home;
			sourceTree = "<group>";
		};
		00FAF2A827A16846008A23DD /* Entities */ = {
			isa = PBXGroup;
			children = (
				008D3F5727BFD54E00D832BF /* Memo+CoreDataClass.swift */,
				008D3F5827BFD54E00D832BF /* Memo+CoreDataProperties.swift */,
				00FAF2AA27A17019008A23DD /* Managers */,
				000E864827B7EA3400A64095 /* Image+CoreDataClass.swift */,
				000E864927B7EA3400A64095 /* Image+CoreDataProperties.swift */,
				0026FE9A27A132F00051104B /* Tag+CoreDataClass.swift */,
				0026FE9B27A132F00051104B /* Tag+CoreDataProperties.swift */,
			);
			path = Entities;
			sourceTree = "<group>";
		};
		00FAF2AA27A17019008A23DD /* Managers */ = {
			isa = PBXGroup;
			children = (
				009955AE27A2969400B9BC9E /* DataManager.swift */,
			);
			path = Managers;
			sourceTree = "<group>";
		};
		0628147A3832012AEB026B19 /* Pods */ = {
			isa = PBXGroup;
			children = (
				510C90EE6F15912A317725D4 /* Pods-Journaling-LinkedMemo.debug.xcconfig */,
				72BD06C7A0379CE258E2D8C8 /* Pods-Journaling-LinkedMemo.release.xcconfig */,
				BB929E5A5C441D055AA62A61 /* Pods-Journaling-LinkedMemo-Journaling-LinkedMemoUITests.debug.xcconfig */,
				9422C23CA36CBADD13DA8854 /* Pods-Journaling-LinkedMemo-Journaling-LinkedMemoUITests.release.xcconfig */,
				77C02E25D45F632F0AE815EC /* Pods-Journaling-LinkedMemoTests.debug.xcconfig */,
				394039466564F6536D1EBF19 /* Pods-Journaling-LinkedMemoTests.release.xcconfig */,
			);
			path = Pods;
			sourceTree = "<group>";
		};
		46D13E19DF9A1799C6871538 /* Frameworks */ = {
			isa = PBXGroup;
			children = (
				0AE6192C15823C6BA403E524 /* Pods_Journaling_LinkedMemo.framework */,
				ECCA46A46DAE46C56C7E6CC0 /* Pods_Journaling_LinkedMemo_Journaling_LinkedMemoUITests.framework */,
				6AAE1CA79CCEB74D268683FF /* Pods_Journaling_LinkedMemoTests.framework */,
			);
			name = Frameworks;
			sourceTree = "<group>";
		};
/* End PBXGroup section */

/* Begin PBXNativeTarget section */
		0031028827927D6300609070 /* Journaling-LinkedMemo */ = {
			isa = PBXNativeTarget;
			buildConfigurationList = 003102B627927D6700609070 /* Build configuration list for PBXNativeTarget "Journaling-LinkedMemo" */;
			buildPhases = (
				A61F5534328F62A076B5B8CC /* [CP] Check Pods Manifest.lock */,
				0031028527927D6300609070 /* Sources */,
				0031028627927D6300609070 /* Frameworks */,
				0031028727927D6300609070 /* Resources */,
				3FF9D2C65061E93A1F98CE73 /* [CP] Embed Pods Frameworks */,
			);
			buildRules = (
			);
			dependencies = (
			);
			name = "Journaling-LinkedMemo";
			productName = "my-todo-app";
			productReference = 0031028927927D6300609070 /* Journaling-LinkedMemo.app */;
			productType = "com.apple.product-type.application";
		};
		003102A127927D6700609070 /* Journaling-LinkedMemoTests */ = {
			isa = PBXNativeTarget;
			buildConfigurationList = 003102B927927D6700609070 /* Build configuration list for PBXNativeTarget "Journaling-LinkedMemoTests" */;
			buildPhases = (
				80F76E4053E92D6CFF0267BD /* [CP] Check Pods Manifest.lock */,
				0031029E27927D6700609070 /* Sources */,
				0031029F27927D6700609070 /* Frameworks */,
				003102A027927D6700609070 /* Resources */,
			);
			buildRules = (
			);
			dependencies = (
				003102A427927D6700609070 /* PBXTargetDependency */,
			);
			name = "Journaling-LinkedMemoTests";
			productName = "my-todo-appTests";
			productReference = 003102A227927D6700609070 /* Journaling-LinkedMemoTests.xctest */;
			productType = "com.apple.product-type.bundle.unit-test";
		};
		003102AB27927D6700609070 /* Journaling-LinkedMemoUITests */ = {
			isa = PBXNativeTarget;
			buildConfigurationList = 003102BC27927D6700609070 /* Build configuration list for PBXNativeTarget "Journaling-LinkedMemoUITests" */;
			buildPhases = (
				96934492C91D0110B5CEF264 /* [CP] Check Pods Manifest.lock */,
				003102A827927D6700609070 /* Sources */,
				003102A927927D6700609070 /* Frameworks */,
				003102AA27927D6700609070 /* Resources */,
				462D618B4583744739F22BA4 /* [CP] Embed Pods Frameworks */,
			);
			buildRules = (
			);
			dependencies = (
				003102AE27927D6700609070 /* PBXTargetDependency */,
			);
			name = "Journaling-LinkedMemoUITests";
			productName = "my-todo-appUITests";
			productReference = 003102AC27927D6700609070 /* Journaling-LinkedMemoUITests.xctest */;
			productType = "com.apple.product-type.bundle.ui-testing";
		};
/* End PBXNativeTarget section */

/* Begin PBXProject section */
		0031028127927D6300609070 /* Project object */ = {
			isa = PBXProject;
			attributes = {
				BuildIndependentTargetsInParallel = 1;
				LastSwiftUpdateCheck = 1320;
				LastUpgradeCheck = 1320;
				TargetAttributes = {
					0031028827927D6300609070 = {
						CreatedOnToolsVersion = 13.2.1;
					};
					003102A127927D6700609070 = {
						CreatedOnToolsVersion = 13.2.1;
						TestTargetID = 0031028827927D6300609070;
					};
					003102AB27927D6700609070 = {
						CreatedOnToolsVersion = 13.2.1;
						TestTargetID = 0031028827927D6300609070;
					};
				};
			};
			buildConfigurationList = 0031028427927D6300609070 /* Build configuration list for PBXProject "Journaling-LinkedMemo" */;
			compatibilityVersion = "Xcode 13.0";
			developmentRegion = en;
			hasScannedForEncodings = 0;
			knownRegions = (
				en,
				Base,
			);
			mainGroup = 0031028027927D6300609070;
			productRefGroup = 0031028A27927D6300609070 /* Products */;
			projectDirPath = "";
			projectRoot = "";
			targets = (
				0031028827927D6300609070 /* Journaling-LinkedMemo */,
				003102A127927D6700609070 /* Journaling-LinkedMemoTests */,
				003102AB27927D6700609070 /* Journaling-LinkedMemoUITests */,
			);
		};
/* End PBXProject section */

/* Begin PBXResourcesBuildPhase section */
		0031028727927D6300609070 /* Resources */ = {
			isa = PBXResourcesBuildPhase;
			buildActionMask = 2147483647;
			files = (
				0031029C27927D6700609070 /* LaunchScreen.storyboard in Resources */,
				0031029927927D6700609070 /* Assets.xcassets in Resources */,
				0031029427927D6300609070 /* Main.storyboard in Resources */,
			);
			runOnlyForDeploymentPostprocessing = 0;
		};
		003102A027927D6700609070 /* Resources */ = {
			isa = PBXResourcesBuildPhase;
			buildActionMask = 2147483647;
			files = (
			);
			runOnlyForDeploymentPostprocessing = 0;
		};
		003102AA27927D6700609070 /* Resources */ = {
			isa = PBXResourcesBuildPhase;
			buildActionMask = 2147483647;
			files = (
			);
			runOnlyForDeploymentPostprocessing = 0;
		};
/* End PBXResourcesBuildPhase section */

/* Begin PBXShellScriptBuildPhase section */
		3FF9D2C65061E93A1F98CE73 /* [CP] Embed Pods Frameworks */ = {
			isa = PBXShellScriptBuildPhase;
			buildActionMask = 12;
			files = (
			);
			inputFileListPaths = (
				"${PODS_ROOT}/Target Support Files/Pods-Journaling-LinkedMemo/Pods-Journaling-LinkedMemo-frameworks-${CONFIGURATION}-input-files.xcfilelist",
			);
			name = "[CP] Embed Pods Frameworks";
			outputFileListPaths = (
				"${PODS_ROOT}/Target Support Files/Pods-Journaling-LinkedMemo/Pods-Journaling-LinkedMemo-frameworks-${CONFIGURATION}-output-files.xcfilelist",
			);
			runOnlyForDeploymentPostprocessing = 0;
			shellPath = /bin/sh;
			shellScript = "\"${PODS_ROOT}/Target Support Files/Pods-Journaling-LinkedMemo/Pods-Journaling-LinkedMemo-frameworks.sh\"\n";
			showEnvVarsInLog = 0;
		};
		462D618B4583744739F22BA4 /* [CP] Embed Pods Frameworks */ = {
			isa = PBXShellScriptBuildPhase;
			buildActionMask = 2147483647;
			files = (
			);
			inputFileListPaths = (
				"${PODS_ROOT}/Target Support Files/Pods-Journaling-LinkedMemo-Journaling-LinkedMemoUITests/Pods-Journaling-LinkedMemo-Journaling-LinkedMemoUITests-frameworks-${CONFIGURATION}-input-files.xcfilelist",
			);
			name = "[CP] Embed Pods Frameworks";
			outputFileListPaths = (
				"${PODS_ROOT}/Target Support Files/Pods-Journaling-LinkedMemo-Journaling-LinkedMemoUITests/Pods-Journaling-LinkedMemo-Journaling-LinkedMemoUITests-frameworks-${CONFIGURATION}-output-files.xcfilelist",
			);
			runOnlyForDeploymentPostprocessing = 0;
			shellPath = /bin/sh;
			shellScript = "\"${PODS_ROOT}/Target Support Files/Pods-Journaling-LinkedMemo-Journaling-LinkedMemoUITests/Pods-Journaling-LinkedMemo-Journaling-LinkedMemoUITests-frameworks.sh\"\n";
			showEnvVarsInLog = 0;
		};
		80F76E4053E92D6CFF0267BD /* [CP] Check Pods Manifest.lock */ = {
			isa = PBXShellScriptBuildPhase;
			buildActionMask = 2147483647;
			files = (
			);
			inputFileListPaths = (
			);
			inputPaths = (
				"${PODS_PODFILE_DIR_PATH}/Podfile.lock",
				"${PODS_ROOT}/Manifest.lock",
			);
			name = "[CP] Check Pods Manifest.lock";
			outputFileListPaths = (
			);
			outputPaths = (
				"$(DERIVED_FILE_DIR)/Pods-Journaling-LinkedMemoTests-checkManifestLockResult.txt",
			);
			runOnlyForDeploymentPostprocessing = 0;
			shellPath = /bin/sh;
			shellScript = "diff \"${PODS_PODFILE_DIR_PATH}/Podfile.lock\" \"${PODS_ROOT}/Manifest.lock\" > /dev/null\nif [ $? != 0 ] ; then\n    # print error to STDERR\n    echo \"error: The sandbox is not in sync with the Podfile.lock. Run 'pod install' or update your CocoaPods installation.\" >&2\n    exit 1\nfi\n# This output is used by Xcode 'outputs' to avoid re-running this script phase.\necho \"SUCCESS\" > \"${SCRIPT_OUTPUT_FILE_0}\"\n";
			showEnvVarsInLog = 0;
		};
		96934492C91D0110B5CEF264 /* [CP] Check Pods Manifest.lock */ = {
			isa = PBXShellScriptBuildPhase;
			buildActionMask = 2147483647;
			files = (
			);
			inputFileListPaths = (
			);
			inputPaths = (
				"${PODS_PODFILE_DIR_PATH}/Podfile.lock",
				"${PODS_ROOT}/Manifest.lock",
			);
			name = "[CP] Check Pods Manifest.lock";
			outputFileListPaths = (
			);
			outputPaths = (
				"$(DERIVED_FILE_DIR)/Pods-Journaling-LinkedMemo-Journaling-LinkedMemoUITests-checkManifestLockResult.txt",
			);
			runOnlyForDeploymentPostprocessing = 0;
			shellPath = /bin/sh;
			shellScript = "diff \"${PODS_PODFILE_DIR_PATH}/Podfile.lock\" \"${PODS_ROOT}/Manifest.lock\" > /dev/null\nif [ $? != 0 ] ; then\n    # print error to STDERR\n    echo \"error: The sandbox is not in sync with the Podfile.lock. Run 'pod install' or update your CocoaPods installation.\" >&2\n    exit 1\nfi\n# This output is used by Xcode 'outputs' to avoid re-running this script phase.\necho \"SUCCESS\" > \"${SCRIPT_OUTPUT_FILE_0}\"\n";
			showEnvVarsInLog = 0;
		};
		A61F5534328F62A076B5B8CC /* [CP] Check Pods Manifest.lock */ = {
			isa = PBXShellScriptBuildPhase;
			buildActionMask = 2147483647;
			files = (
			);
			inputFileListPaths = (
			);
			inputPaths = (
				"${PODS_PODFILE_DIR_PATH}/Podfile.lock",
				"${PODS_ROOT}/Manifest.lock",
			);
			name = "[CP] Check Pods Manifest.lock";
			outputFileListPaths = (
			);
			outputPaths = (
				"$(DERIVED_FILE_DIR)/Pods-Journaling-LinkedMemo-checkManifestLockResult.txt",
			);
			runOnlyForDeploymentPostprocessing = 0;
			shellPath = /bin/sh;
			shellScript = "diff \"${PODS_PODFILE_DIR_PATH}/Podfile.lock\" \"${PODS_ROOT}/Manifest.lock\" > /dev/null\nif [ $? != 0 ] ; then\n    # print error to STDERR\n    echo \"error: The sandbox is not in sync with the Podfile.lock. Run 'pod install' or update your CocoaPods installation.\" >&2\n    exit 1\nfi\n# This output is used by Xcode 'outputs' to avoid re-running this script phase.\necho \"SUCCESS\" > \"${SCRIPT_OUTPUT_FILE_0}\"\n";
			showEnvVarsInLog = 0;
		};
/* End PBXShellScriptBuildPhase section */

/* Begin PBXSourcesBuildPhase section */
		0031028527927D6300609070 /* Sources */ = {
			isa = PBXSourcesBuildPhase;
			buildActionMask = 2147483647;
			files = (
				0031029127927D6300609070 /* HomeViewController.swift in Sources */,
				0031028D27927D6300609070 /* AppDelegate.swift in Sources */,
				0031028F27927D6300609070 /* SceneDelegate.swift in Sources */,
				0022476E27AE52A8001C2C05 /* FontAwesomeImageUtil.swift in Sources */,
				009D5F5527AAB4E400EBB9F7 /* HomeNavigationController.swift in Sources */,
				000E864727B7E98700A64095 /* Journaling-LinkedMemo.xcdatamodeld in Sources */,
				000E864A27B7EA3400A64095 /* Image+CoreDataClass.swift in Sources */,
				0026FE9E27A132F00051104B /* Tag+CoreDataClass.swift in Sources */,
				000E864B27B7EA3400A64095 /* Image+CoreDataProperties.swift in Sources */,
				008D3F5A27BFD54E00D832BF /* Memo+CoreDataProperties.swift in Sources */,
				00B402CD27A42E0600CAE088 /* MemoTableViewCell.swift in Sources */,
				00409F5427AEAA57000D4C3D /* ImagePickerDelegate.swift in Sources */,
				0026FE9F27A132F00051104B /* Tag+CoreDataProperties.swift in Sources */,
				0065E6482792F81900CB3AE6 /* MemoModalViewController.swift in Sources */,
				009D5F5327AA73CA00EBB9F7 /* TabBarController.swift in Sources */,
				009955AF27A2969400B9BC9E /* DataManager.swift in Sources */,
				00421E9E27B6C61700846E52 /* UIImageExtension.swift in Sources */,
				008D3F5927BFD54E00D832BF /* Memo+CoreDataClass.swift in Sources */,
			);
			runOnlyForDeploymentPostprocessing = 0;
		};
		0031029E27927D6700609070 /* Sources */ = {
			isa = PBXSourcesBuildPhase;
			buildActionMask = 2147483647;
			files = (
				003102A727927D6700609070 /* my_todo_appTests.swift in Sources */,
			);
			runOnlyForDeploymentPostprocessing = 0;
		};
		003102A827927D6700609070 /* Sources */ = {
			isa = PBXSourcesBuildPhase;
			buildActionMask = 2147483647;
			files = (
				003102B327927D6700609070 /* my_todo_appUITestsLaunchTests.swift in Sources */,
				003102B127927D6700609070 /* my_todo_appUITests.swift in Sources */,
			);
			runOnlyForDeploymentPostprocessing = 0;
		};
/* End PBXSourcesBuildPhase section */

/* Begin PBXTargetDependency section */
		003102A427927D6700609070 /* PBXTargetDependency */ = {
			isa = PBXTargetDependency;
			target = 0031028827927D6300609070 /* Journaling-LinkedMemo */;
			targetProxy = 003102A327927D6700609070 /* PBXContainerItemProxy */;
		};
		003102AE27927D6700609070 /* PBXTargetDependency */ = {
			isa = PBXTargetDependency;
			target = 0031028827927D6300609070 /* Journaling-LinkedMemo */;
			targetProxy = 003102AD27927D6700609070 /* PBXContainerItemProxy */;
		};
/* End PBXTargetDependency section */

/* Begin PBXVariantGroup section */
		0031029227927D6300609070 /* Main.storyboard */ = {
			isa = PBXVariantGroup;
			children = (
				0031029327927D6300609070 /* Base */,
			);
			name = Main.storyboard;
			sourceTree = "<group>";
		};
		0031029A27927D6700609070 /* LaunchScreen.storyboard */ = {
			isa = PBXVariantGroup;
			children = (
				0031029B27927D6700609070 /* Base */,
			);
			name = LaunchScreen.storyboard;
			sourceTree = "<group>";
		};
/* End PBXVariantGroup section */

/* Begin XCBuildConfiguration section */
		003102B427927D6700609070 /* Debug */ = {
			isa = XCBuildConfiguration;
			buildSettings = {
				ALWAYS_SEARCH_USER_PATHS = NO;
				CLANG_ANALYZER_NONNULL = YES;
				CLANG_ANALYZER_NUMBER_OBJECT_CONVERSION = YES_AGGRESSIVE;
				CLANG_CXX_LANGUAGE_STANDARD = "gnu++17";
				CLANG_CXX_LIBRARY = "libc++";
				CLANG_ENABLE_MODULES = YES;
				CLANG_ENABLE_OBJC_ARC = YES;
				CLANG_ENABLE_OBJC_WEAK = YES;
				CLANG_WARN_BLOCK_CAPTURE_AUTORELEASING = YES;
				CLANG_WARN_BOOL_CONVERSION = YES;
				CLANG_WARN_COMMA = YES;
				CLANG_WARN_CONSTANT_CONVERSION = YES;
				CLANG_WARN_DEPRECATED_OBJC_IMPLEMENTATIONS = YES;
				CLANG_WARN_DIRECT_OBJC_ISA_USAGE = YES_ERROR;
				CLANG_WARN_DOCUMENTATION_COMMENTS = YES;
				CLANG_WARN_EMPTY_BODY = YES;
				CLANG_WARN_ENUM_CONVERSION = YES;
				CLANG_WARN_INFINITE_RECURSION = YES;
				CLANG_WARN_INT_CONVERSION = YES;
				CLANG_WARN_NON_LITERAL_NULL_CONVERSION = YES;
				CLANG_WARN_OBJC_IMPLICIT_RETAIN_SELF = YES;
				CLANG_WARN_OBJC_LITERAL_CONVERSION = YES;
				CLANG_WARN_OBJC_ROOT_CLASS = YES_ERROR;
				CLANG_WARN_QUOTED_INCLUDE_IN_FRAMEWORK_HEADER = YES;
				CLANG_WARN_RANGE_LOOP_ANALYSIS = YES;
				CLANG_WARN_STRICT_PROTOTYPES = YES;
				CLANG_WARN_SUSPICIOUS_MOVE = YES;
				CLANG_WARN_UNGUARDED_AVAILABILITY = YES_AGGRESSIVE;
				CLANG_WARN_UNREACHABLE_CODE = YES;
				CLANG_WARN__DUPLICATE_METHOD_MATCH = YES;
				COPY_PHASE_STRIP = NO;
				DEBUG_INFORMATION_FORMAT = dwarf;
				ENABLE_STRICT_OBJC_MSGSEND = YES;
				ENABLE_TESTABILITY = YES;
				GCC_C_LANGUAGE_STANDARD = gnu11;
				GCC_DYNAMIC_NO_PIC = NO;
				GCC_NO_COMMON_BLOCKS = YES;
				GCC_OPTIMIZATION_LEVEL = 0;
				GCC_PREPROCESSOR_DEFINITIONS = (
					"DEBUG=1",
					"$(inherited)",
				);
				GCC_WARN_64_TO_32_BIT_CONVERSION = YES;
				GCC_WARN_ABOUT_RETURN_TYPE = YES_ERROR;
				GCC_WARN_UNDECLARED_SELECTOR = YES;
				GCC_WARN_UNINITIALIZED_AUTOS = YES_AGGRESSIVE;
				GCC_WARN_UNUSED_FUNCTION = YES;
				GCC_WARN_UNUSED_VARIABLE = YES;
				IPHONEOS_DEPLOYMENT_TARGET = 15.2;
				MTL_ENABLE_DEBUG_INFO = INCLUDE_SOURCE;
				MTL_FAST_MATH = YES;
				ONLY_ACTIVE_ARCH = YES;
				PRODUCT_NAME = JournalingLinkedMemo;
				SDKROOT = iphoneos;
				SWIFT_ACTIVE_COMPILATION_CONDITIONS = DEBUG;
				SWIFT_OPTIMIZATION_LEVEL = "-Onone";
			};
			name = Debug;
		};
		003102B527927D6700609070 /* Release */ = {
			isa = XCBuildConfiguration;
			buildSettings = {
				ALWAYS_SEARCH_USER_PATHS = NO;
				CLANG_ANALYZER_NONNULL = YES;
				CLANG_ANALYZER_NUMBER_OBJECT_CONVERSION = YES_AGGRESSIVE;
				CLANG_CXX_LANGUAGE_STANDARD = "gnu++17";
				CLANG_CXX_LIBRARY = "libc++";
				CLANG_ENABLE_MODULES = YES;
				CLANG_ENABLE_OBJC_ARC = YES;
				CLANG_ENABLE_OBJC_WEAK = YES;
				CLANG_WARN_BLOCK_CAPTURE_AUTORELEASING = YES;
				CLANG_WARN_BOOL_CONVERSION = YES;
				CLANG_WARN_COMMA = YES;
				CLANG_WARN_CONSTANT_CONVERSION = YES;
				CLANG_WARN_DEPRECATED_OBJC_IMPLEMENTATIONS = YES;
				CLANG_WARN_DIRECT_OBJC_ISA_USAGE = YES_ERROR;
				CLANG_WARN_DOCUMENTATION_COMMENTS = YES;
				CLANG_WARN_EMPTY_BODY = YES;
				CLANG_WARN_ENUM_CONVERSION = YES;
				CLANG_WARN_INFINITE_RECURSION = YES;
				CLANG_WARN_INT_CONVERSION = YES;
				CLANG_WARN_NON_LITERAL_NULL_CONVERSION = YES;
				CLANG_WARN_OBJC_IMPLICIT_RETAIN_SELF = YES;
				CLANG_WARN_OBJC_LITERAL_CONVERSION = YES;
				CLANG_WARN_OBJC_ROOT_CLASS = YES_ERROR;
				CLANG_WARN_QUOTED_INCLUDE_IN_FRAMEWORK_HEADER = YES;
				CLANG_WARN_RANGE_LOOP_ANALYSIS = YES;
				CLANG_WARN_STRICT_PROTOTYPES = YES;
				CLANG_WARN_SUSPICIOUS_MOVE = YES;
				CLANG_WARN_UNGUARDED_AVAILABILITY = YES_AGGRESSIVE;
				CLANG_WARN_UNREACHABLE_CODE = YES;
				CLANG_WARN__DUPLICATE_METHOD_MATCH = YES;
				COPY_PHASE_STRIP = NO;
				DEBUG_INFORMATION_FORMAT = "dwarf-with-dsym";
				ENABLE_NS_ASSERTIONS = NO;
				ENABLE_STRICT_OBJC_MSGSEND = YES;
				GCC_C_LANGUAGE_STANDARD = gnu11;
				GCC_NO_COMMON_BLOCKS = YES;
				GCC_WARN_64_TO_32_BIT_CONVERSION = YES;
				GCC_WARN_ABOUT_RETURN_TYPE = YES_ERROR;
				GCC_WARN_UNDECLARED_SELECTOR = YES;
				GCC_WARN_UNINITIALIZED_AUTOS = YES_AGGRESSIVE;
				GCC_WARN_UNUSED_FUNCTION = YES;
				GCC_WARN_UNUSED_VARIABLE = YES;
				IPHONEOS_DEPLOYMENT_TARGET = 15.2;
				MTL_ENABLE_DEBUG_INFO = NO;
				MTL_FAST_MATH = YES;
				PRODUCT_NAME = JournalingLinkedMemo;
				SDKROOT = iphoneos;
				SWIFT_COMPILATION_MODE = wholemodule;
				SWIFT_OPTIMIZATION_LEVEL = "-O";
				VALIDATE_PRODUCT = YES;
			};
			name = Release;
		};
		003102B727927D6700609070 /* Debug */ = {
			isa = XCBuildConfiguration;
			baseConfigurationReference = 510C90EE6F15912A317725D4 /* Pods-Journaling-LinkedMemo.debug.xcconfig */;
			buildSettings = {
				ASSETCATALOG_COMPILER_APPICON_NAME = AppIcon;
				ASSETCATALOG_COMPILER_GLOBAL_ACCENT_COLOR_NAME = AccentColor;
				CODE_SIGN_STYLE = Automatic;
				CURRENT_PROJECT_VERSION = 1;
				DEVELOPMENT_TEAM = 3WXYVCR69T;
				GENERATE_INFOPLIST_FILE = YES;
				INFOPLIST_FILE = "Journaling-LinkedMemo/Info.plist";
				INFOPLIST_KEY_CFBundleDisplayName = JournalingLinkedMemo;
				INFOPLIST_KEY_NSPhotoLibraryUsageDescription = "";
				INFOPLIST_KEY_UIApplicationSupportsIndirectInputEvents = YES;
				INFOPLIST_KEY_UILaunchStoryboardName = LaunchScreen;
				INFOPLIST_KEY_UIMainStoryboardFile = Main;
				INFOPLIST_KEY_UISupportedInterfaceOrientations_iPad = "UIInterfaceOrientationPortrait UIInterfaceOrientationPortraitUpsideDown UIInterfaceOrientationLandscapeLeft UIInterfaceOrientationLandscapeRight";
				INFOPLIST_KEY_UISupportedInterfaceOrientations_iPhone = "UIInterfaceOrientationPortrait UIInterfaceOrientationLandscapeLeft UIInterfaceOrientationLandscapeRight";
				LD_RUNPATH_SEARCH_PATHS = (
					"$(inherited)",
					"@executable_path/Frameworks",
				);
				MARKETING_VERSION = 1.0;
				PRODUCT_BUNDLE_IDENTIFIER = "com.misakishimazaki.Journaling-linked-memo";
				PRODUCT_NAME = "$(TARGET_NAME)";
				SWIFT_EMIT_LOC_STRINGS = YES;
				SWIFT_VERSION = 5.0;
				TARGETED_DEVICE_FAMILY = "1,2";
			};
			name = Debug;
		};
		003102B827927D6700609070 /* Release */ = {
			isa = XCBuildConfiguration;
			baseConfigurationReference = 72BD06C7A0379CE258E2D8C8 /* Pods-Journaling-LinkedMemo.release.xcconfig */;
			buildSettings = {
				ASSETCATALOG_COMPILER_APPICON_NAME = AppIcon;
				ASSETCATALOG_COMPILER_GLOBAL_ACCENT_COLOR_NAME = AccentColor;
				CODE_SIGN_STYLE = Automatic;
				CURRENT_PROJECT_VERSION = 1;
				DEVELOPMENT_TEAM = 3WXYVCR69T;
				GENERATE_INFOPLIST_FILE = YES;
				INFOPLIST_FILE = "Journaling-LinkedMemo/Info.plist";
				INFOPLIST_KEY_CFBundleDisplayName = JournalingLinkedMemo;
				INFOPLIST_KEY_NSPhotoLibraryUsageDescription = "";
				INFOPLIST_KEY_UIApplicationSupportsIndirectInputEvents = YES;
				INFOPLIST_KEY_UILaunchStoryboardName = LaunchScreen;
				INFOPLIST_KEY_UIMainStoryboardFile = Main;
				INFOPLIST_KEY_UISupportedInterfaceOrientations_iPad = "UIInterfaceOrientationPortrait UIInterfaceOrientationPortraitUpsideDown UIInterfaceOrientationLandscapeLeft UIInterfaceOrientationLandscapeRight";
				INFOPLIST_KEY_UISupportedInterfaceOrientations_iPhone = "UIInterfaceOrientationPortrait UIInterfaceOrientationLandscapeLeft UIInterfaceOrientationLandscapeRight";
				LD_RUNPATH_SEARCH_PATHS = (
					"$(inherited)",
					"@executable_path/Frameworks",
				);
				MARKETING_VERSION = 1.0;
				PRODUCT_BUNDLE_IDENTIFIER = "com.misakishimazaki.Journaling-linked-memo";
				PRODUCT_NAME = "$(TARGET_NAME)";
				SWIFT_EMIT_LOC_STRINGS = YES;
				SWIFT_VERSION = 5.0;
				TARGETED_DEVICE_FAMILY = "1,2";
			};
			name = Release;
		};
		003102BA27927D6700609070 /* Debug */ = {
			isa = XCBuildConfiguration;
			baseConfigurationReference = 77C02E25D45F632F0AE815EC /* Pods-Journaling-LinkedMemoTests.debug.xcconfig */;
			buildSettings = {
				ALWAYS_EMBED_SWIFT_STANDARD_LIBRARIES = YES;
				BUNDLE_LOADER = "$(TEST_HOST)";
				CODE_SIGN_STYLE = Automatic;
				CURRENT_PROJECT_VERSION = 1;
				DEVELOPMENT_TEAM = 3WXYVCR69T;
				GENERATE_INFOPLIST_FILE = YES;
				IPHONEOS_DEPLOYMENT_TARGET = 15.2;
				MARKETING_VERSION = 1.0;
				PRODUCT_BUNDLE_IDENTIFIER = "com.misakishimazaki.Journaling-LinkedMemoTests";
				PRODUCT_NAME = "$(TARGET_NAME)";
				SWIFT_EMIT_LOC_STRINGS = NO;
				SWIFT_VERSION = 5.0;
				TARGETED_DEVICE_FAMILY = "1,2";
				TEST_HOST = "$(BUILT_PRODUCTS_DIR)/Journaling-LinkedMemo.app/Journaling-LinkedMemo";
			};
			name = Debug;
		};
		003102BB27927D6700609070 /* Release */ = {
			isa = XCBuildConfiguration;
			baseConfigurationReference = 394039466564F6536D1EBF19 /* Pods-Journaling-LinkedMemoTests.release.xcconfig */;
			buildSettings = {
				ALWAYS_EMBED_SWIFT_STANDARD_LIBRARIES = YES;
				BUNDLE_LOADER = "$(TEST_HOST)";
				CODE_SIGN_STYLE = Automatic;
				CURRENT_PROJECT_VERSION = 1;
				DEVELOPMENT_TEAM = 3WXYVCR69T;
				GENERATE_INFOPLIST_FILE = YES;
				IPHONEOS_DEPLOYMENT_TARGET = 15.2;
				MARKETING_VERSION = 1.0;
				PRODUCT_BUNDLE_IDENTIFIER = "com.misakishimazaki.Journaling-LinkedMemoTests";
				PRODUCT_NAME = "$(TARGET_NAME)";
				SWIFT_EMIT_LOC_STRINGS = NO;
				SWIFT_VERSION = 5.0;
				TARGETED_DEVICE_FAMILY = "1,2";
				TEST_HOST = "$(BUILT_PRODUCTS_DIR)/Journaling-LinkedMemo.app/Journaling-LinkedMemo";
			};
			name = Release;
		};
		003102BD27927D6700609070 /* Debug */ = {
			isa = XCBuildConfiguration;
			baseConfigurationReference = BB929E5A5C441D055AA62A61 /* Pods-Journaling-LinkedMemo-Journaling-LinkedMemoUITests.debug.xcconfig */;
			buildSettings = {
				ALWAYS_EMBED_SWIFT_STANDARD_LIBRARIES = YES;
				CODE_SIGN_STYLE = Automatic;
				CURRENT_PROJECT_VERSION = 1;
				DEVELOPMENT_TEAM = 3WXYVCR69T;
				GENERATE_INFOPLIST_FILE = YES;
				MARKETING_VERSION = 1.0;
				PRODUCT_BUNDLE_IDENTIFIER = "com.misakishimazaki.Journaling-LinkedMemoUITests";
				PRODUCT_NAME = "$(TARGET_NAME)";
				SWIFT_EMIT_LOC_STRINGS = NO;
				SWIFT_VERSION = 5.0;
				TARGETED_DEVICE_FAMILY = "1,2";
				TEST_TARGET_NAME = "Journaling-LinkedMemo";
			};
			name = Debug;
		};
		003102BE27927D6700609070 /* Release */ = {
			isa = XCBuildConfiguration;
			baseConfigurationReference = 9422C23CA36CBADD13DA8854 /* Pods-Journaling-LinkedMemo-Journaling-LinkedMemoUITests.release.xcconfig */;
			buildSettings = {
				ALWAYS_EMBED_SWIFT_STANDARD_LIBRARIES = YES;
				CODE_SIGN_STYLE = Automatic;
				CURRENT_PROJECT_VERSION = 1;
				DEVELOPMENT_TEAM = 3WXYVCR69T;
				GENERATE_INFOPLIST_FILE = YES;
				MARKETING_VERSION = 1.0;
				PRODUCT_BUNDLE_IDENTIFIER = "com.misakishimazaki.Journaling-LinkedMemoUITests";
				PRODUCT_NAME = "$(TARGET_NAME)";
				SWIFT_EMIT_LOC_STRINGS = NO;
				SWIFT_VERSION = 5.0;
				TARGETED_DEVICE_FAMILY = "1,2";
				TEST_TARGET_NAME = "Journaling-LinkedMemo";
			};
			name = Release;
		};
/* End XCBuildConfiguration section */

/* Begin XCConfigurationList section */
		0031028427927D6300609070 /* Build configuration list for PBXProject "Journaling-LinkedMemo" */ = {
			isa = XCConfigurationList;
			buildConfigurations = (
				003102B427927D6700609070 /* Debug */,
				003102B527927D6700609070 /* Release */,
			);
			defaultConfigurationIsVisible = 0;
			defaultConfigurationName = Release;
		};
		003102B627927D6700609070 /* Build configuration list for PBXNativeTarget "Journaling-LinkedMemo" */ = {
			isa = XCConfigurationList;
			buildConfigurations = (
				003102B727927D6700609070 /* Debug */,
				003102B827927D6700609070 /* Release */,
			);
			defaultConfigurationIsVisible = 0;
			defaultConfigurationName = Release;
		};
		003102B927927D6700609070 /* Build configuration list for PBXNativeTarget "Journaling-LinkedMemoTests" */ = {
			isa = XCConfigurationList;
			buildConfigurations = (
				003102BA27927D6700609070 /* Debug */,
				003102BB27927D6700609070 /* Release */,
			);
			defaultConfigurationIsVisible = 0;
			defaultConfigurationName = Release;
		};
		003102BC27927D6700609070 /* Build configuration list for PBXNativeTarget "Journaling-LinkedMemoUITests" */ = {
			isa = XCConfigurationList;
			buildConfigurations = (
				003102BD27927D6700609070 /* Debug */,
				003102BE27927D6700609070 /* Release */,
			);
			defaultConfigurationIsVisible = 0;
			defaultConfigurationName = Release;
		};
/* End XCConfigurationList section */

/* Begin XCVersionGroup section */
		000E864527B7E98700A64095 /* Journaling-LinkedMemo.xcdatamodeld */ = {
			isa = XCVersionGroup;
			children = (
				000E864627B7E98700A64095 /* my_todo_app.xcdatamodel */,
			);
			currentVersion = 000E864627B7E98700A64095 /* my_todo_app.xcdatamodel */;
			path = "Journaling-LinkedMemo.xcdatamodeld";
			sourceTree = "<group>";
			versionGroupType = wrapper.xcdatamodel;
		};
/* End XCVersionGroup section */
	};
	rootObject = 0031028127927D6300609070 /* Project object */;
}
